
Microsoft Visual Studio Solution File, Format Version 11.00
# Visual Studio 2010
Project("{FAE04EC0-301F-11D3-BF4B-00C04F79EFBC}") = "BSCSActivity", "BSCSActivity\BSCSActivity.csproj", "{C20F04A9-55AF-4A82-9372-452190C91E5B}"
EndProject
Global
	GlobalSection(SolutionConfigurationPlatforms) = preSolution
		Debug|x86 = Debug|x86
		Release|x86 = Release|x86
	EndGlobalSection
	GlobalSection(ProjectConfigurationPlatforms) = postSolution
		{C20F04A9-55AF-4A82-9372-452190C91E5B}.Debug|x86.ActiveCfg = Debug|x86
		{C20F04A9-55AF-4A82-9372-452190C91E5B}.Debug|x86.Build.0 = Debug|x86
		{C20F04A9-55AF-4A82-9372-452190C91E5B}.Release|x86.ActiveCfg = Release|x86
		{C20F04A9-55AF-4A82-9372-452190C91E5B}.Release|x86.Build.0 = Release|x86
	EndGlobalSection
	GlobalSection(SolutionProperties) = preSolution
		HideSolutionNode = FALSE
	EndGlobalSection
EndGlobal
